
Microsoft Visual Studio Solution File, Format Version 12.00
# Visual Studio Version 17
VisualStudioVersion = 17.12.35323.107
MinimumVisualStudioVersion = 10.0.40219.1
Project("{FAE04EC0-301F-11D3-BF4B-00C04F79EFBC}") = "WPFTasks", "WPFTasks.csproj", "{64F5FB42-62F2-4DB3-8A5D-76AA9ECEC2A4}"
EndProject
Global
	GlobalSection(SolutionConfigurationPlatforms) = preSolution
		Debug|Any CPU = Debug|Any CPU
		Release|Any CPU = Release|Any CPU
	EndGlobalSection
	GlobalSection(ProjectConfigurationPlatforms) = postSolution
		{64F5FB42-62F2-4DB3-8A5D-76AA9ECEC2A4}.Debug|Any CPU.ActiveCfg = Debug|Any CPU
		{64F5FB42-62F2-4DB3-8A5D-76AA9ECEC2A4}.Debug|Any CPU.Build.0 = Debug|Any CPU
		{64F5FB42-62F2-4DB3-8A5D-76AA9ECEC2A4}.Release|Any CPU.ActiveCfg = Release|Any CPU
		{64F5FB42-62F2-4DB3-8A5D-76AA9ECEC2A4}.Release|Any CPU.Build.0 = Release|Any CPU
	EndGlobalSection
	GlobalSection(SolutionProperties) = preSolution
		HideSolutionNode = FALSE
	EndGlobalSection
	GlobalSection(ExtensibilityGlobals) = postSolution
		SolutionGuid = {1127A431-3FE1-4CD3-B7A2-7EC0D08F22CE}
	EndGlobalSection
EndGlobal
